{
  "sources": {
    "dream": {
      "path": "./cookbooks/dream"
    },
    "dotfiles": {
      "path": "./cookbooks/dotfiles"
    },
    "rvm": {
      "locked_version": "0.9.1",
      "git": "git://github.com/fnichol/chef-rvm.git",
      "ref": "0cd320911c1e568cbf2eeac895a5ef06e5821589"
    },
    "java": {
      "locked_version": "1.15.4"
    },
    "windows": {
      "locked_version": "1.11.0"
    },
    "chef_handler": {
      "locked_version": "1.1.4"
    },
    "aws": {
      "locked_version": "1.0.0"
    },
    "chef_gem": {
      "locked_version": "0.1.0"
    }
  }
}
