{
  "sources": {
    "dream": {
      "path": "./cookbooks/dream"
    },
    "dotfiles": {
      "path": "./cookbooks/dotfiles"
    },
    "rvm": {
      "locked_version": "0.9.1",
      "git": "git://github.com/fnichol/chef-rvm.git",
      "ref": "26ad5c043c70ea98855a049fbbacb7ffc5ad73e3"
    },
    "hostsfile": {
      "locked_version": "2.4.2"
    },
    "java": {
      "locked_version": "1.15.4"
    },
    "windows": {
      "locked_version": "1.11.0"
    },
    "chef_handler": {
      "locked_version": "1.1.4"
    },
    "aws": {
      "locked_version": "1.0.0"
    },
    "chef_gem": {
      "locked_version": "0.1.0"
    }
  }
}
